
Microsoft Visual Studio Solution File, Format Version 12.00
# Visual Studio 15
VisualStudioVersion = 15.0.26124.0
MinimumVisualStudioVersion = 15.0.26124.0
Project("{2150E333-8FDC-42A3-9474-1A3956D46DE8}") = "src", "src", "{9DB4EA20-4FC8-4541-9EE9-79DFF1C28781}"
EndProject
Project("{FAE04EC0-301F-11D3-BF4B-00C04F79EFBC}") = "Fibonacci", "src\Fibonacci\Fibonacci.csproj", "{441A86A9-4F64-4C03-AFE0-39854D36AB50}"
EndProject
Project("{FAE04EC0-301F-11D3-BF4B-00C04F79EFBC}") = "Fibonacci.Tests", "tests\Fibonacci.Tests\Fibonacci.Tests.csproj", "{DA2462D6-547B-4D77-89A6-F582EA2C0639}"
EndProject
Project("{FAE04EC0-301F-11D3-BF4B-00C04F79EFBC}") = "Fibonacci.web", "src\Fibonacci.web\Fibonacci.web.csproj", "{8BBB2B2D-83AE-4CFC-9757-B3B42667A58D}"
EndProject
Global
	GlobalSection(SolutionConfigurationPlatforms) = preSolution
		Debug|Any CPU = Debug|Any CPU
		Debug|x64 = Debug|x64
		Debug|x86 = Debug|x86
		Release|Any CPU = Release|Any CPU
		Release|x64 = Release|x64
		Release|x86 = Release|x86
	EndGlobalSection
	GlobalSection(SolutionProperties) = preSolution
		HideSolutionNode = FALSE
	EndGlobalSection
	GlobalSection(ProjectConfigurationPlatforms) = postSolution
		{441A86A9-4F64-4C03-AFE0-39854D36AB50}.Debug|Any CPU.ActiveCfg = Debug|Any CPU
		{441A86A9-4F64-4C03-AFE0-39854D36AB50}.Debug|Any CPU.Build.0 = Debug|Any CPU
		{441A86A9-4F64-4C03-AFE0-39854D36AB50}.Debug|x64.ActiveCfg = Debug|Any CPU
		{441A86A9-4F64-4C03-AFE0-39854D36AB50}.Debug|x64.Build.0 = Debug|Any CPU
		{441A86A9-4F64-4C03-AFE0-39854D36AB50}.Debug|x86.ActiveCfg = Debug|Any CPU
		{441A86A9-4F64-4C03-AFE0-39854D36AB50}.Debug|x86.Build.0 = Debug|Any CPU
		{441A86A9-4F64-4C03-AFE0-39854D36AB50}.Release|Any CPU.ActiveCfg = Release|Any CPU
		{441A86A9-4F64-4C03-AFE0-39854D36AB50}.Release|Any CPU.Build.0 = Release|Any CPU
		{441A86A9-4F64-4C03-AFE0-39854D36AB50}.Release|x64.ActiveCfg = Release|Any CPU
		{441A86A9-4F64-4C03-AFE0-39854D36AB50}.Release|x64.Build.0 = Release|Any CPU
		{441A86A9-4F64-4C03-AFE0-39854D36AB50}.Release|x86.ActiveCfg = Release|Any CPU
		{441A86A9-4F64-4C03-AFE0-39854D36AB50}.Release|x86.Build.0 = Release|Any CPU
		{DA2462D6-547B-4D77-89A6-F582EA2C0639}.Debug|Any CPU.ActiveCfg = Debug|Any CPU
		{DA2462D6-547B-4D77-89A6-F582EA2C0639}.Debug|Any CPU.Build.0 = Debug|Any CPU
		{DA2462D6-547B-4D77-89A6-F582EA2C0639}.Debug|x64.ActiveCfg = Debug|Any CPU
		{DA2462D6-547B-4D77-89A6-F582EA2C0639}.Debug|x64.Build.0 = Debug|Any CPU
		{DA2462D6-547B-4D77-89A6-F582EA2C0639}.Debug|x86.ActiveCfg = Debug|Any CPU
		{DA2462D6-547B-4D77-89A6-F582EA2C0639}.Debug|x86.Build.0 = Debug|Any CPU
		{DA2462D6-547B-4D77-89A6-F582EA2C0639}.Release|Any CPU.ActiveCfg = Release|Any CPU
		{DA2462D6-547B-4D77-89A6-F582EA2C0639}.Release|Any CPU.Build.0 = Release|Any CPU
		{DA2462D6-547B-4D77-89A6-F582EA2C0639}.Release|x64.ActiveCfg = Release|Any CPU
		{DA2462D6-547B-4D77-89A6-F582EA2C0639}.Release|x64.Build.0 = Release|Any CPU
		{DA2462D6-547B-4D77-89A6-F582EA2C0639}.Release|x86.ActiveCfg = Release|Any CPU
		{DA2462D6-547B-4D77-89A6-F582EA2C0639}.Release|x86.Build.0 = Release|Any CPU
		{8BBB2B2D-83AE-4CFC-9757-B3B42667A58D}.Debug|Any CPU.ActiveCfg = Debug|Any CPU
		{8BBB2B2D-83AE-4CFC-9757-B3B42667A58D}.Debug|Any CPU.Build.0 = Debug|Any CPU
		{8BBB2B2D-83AE-4CFC-9757-B3B42667A58D}.Debug|x64.ActiveCfg = Debug|Any CPU
		{8BBB2B2D-83AE-4CFC-9757-B3B42667A58D}.Debug|x64.Build.0 = Debug|Any CPU
		{8BBB2B2D-83AE-4CFC-9757-B3B42667A58D}.Debug|x86.ActiveCfg = Debug|Any CPU
		{8BBB2B2D-83AE-4CFC-9757-B3B42667A58D}.Debug|x86.Build.0 = Debug|Any CPU
		{8BBB2B2D-83AE-4CFC-9757-B3B42667A58D}.Release|Any CPU.ActiveCfg = Release|Any CPU
		{8BBB2B2D-83AE-4CFC-9757-B3B42667A58D}.Release|Any CPU.Build.0 = Release|Any CPU
		{8BBB2B2D-83AE-4CFC-9757-B3B42667A58D}.Release|x64.ActiveCfg = Release|Any CPU
		{8BBB2B2D-83AE-4CFC-9757-B3B42667A58D}.Release|x64.Build.0 = Release|Any CPU
		{8BBB2B2D-83AE-4CFC-9757-B3B42667A58D}.Release|x86.ActiveCfg = Release|Any CPU
		{8BBB2B2D-83AE-4CFC-9757-B3B42667A58D}.Release|x86.Build.0 = Release|Any CPU
	EndGlobalSection
	GlobalSection(NestedProjects) = preSolution
		{441A86A9-4F64-4C03-AFE0-39854D36AB50} = {9DB4EA20-4FC8-4541-9EE9-79DFF1C28781}
		{8BBB2B2D-83AE-4CFC-9757-B3B42667A58D} = {9DB4EA20-4FC8-4541-9EE9-79DFF1C28781}
	EndGlobalSection
EndGlobal
